// !$*UTF8*$!
{
	archiveVersion = 1;
	classes = {
	};
	objectVersion = 50;
	objects = {

/* Begin PBXBuildFile section */
		C41FB66421D68D0900FC2B55 /* lexFile.c in Sources */ = {isa = PBXBuildFile; fileRef = C41FB66321D68D0900FC2B55 /* lexFile.c */; };
		C41FB66721D68D2A00FC2B55 /* libCmn.a in Frameworks */ = {isa = PBXBuildFile; fileRef = C41FB66621D68D2A00FC2B55 /* libCmn.a */; };
/* End PBXBuildFile section */

/* Begin PBXCopyFilesBuildPhase section */
		C41FB65721D68B9500FC2B55 /* CopyFiles */ = {
			isa = PBXCopyFilesBuildPhase;
			buildActionMask = 2147483647;
			dstPath = /usr/share/man/man1/;
			dstSubfolderSpec = 0;
			files = (
			);
			runOnlyForDeploymentPostprocessing = 1;
		};
/* End PBXCopyFilesBuildPhase section */

/* Begin PBXFileReference section */
		C41FB65921D68B9500FC2B55 /* lexFile */ = {isa = PBXFileReference; explicitFileType = "compiled.mach-o.executable"; includeInIndex = 0; path = lexFile; sourceTree = BUILT_PRODUCTS_DIR; };
		C41FB66321D68D0900FC2B55 /* lexFile.c */ = {isa = PBXFileReference; fileEncoding = 4; lastKnownFileType = sourcecode.c.c; path = lexFile.c; sourceTree = "<group>"; };
		C41FB66621D68D2A00FC2B55 /* libCmn.a */ = {isa = PBXFileReference; lastKnownFileType = archive.ar; name = libCmn.a; path = ../../../../../Support/lib/macosx/libCmn/libCmn.a; sourceTree = "<group>"; };
/* End PBXFileReference section */

/* Begin PBXFrameworksBuildPhase section */
		C41FB65621D68B9500FC2B55 /* Frameworks */ = {
			isa = PBXFrameworksBuildPhase;
			buildActionMask = 2147483647;
			files = (
				C41FB66721D68D2A00FC2B55 /* libCmn.a in Frameworks */,
			);
			runOnlyForDeploymentPostprocessing = 0;
		};
/* End PBXFrameworksBuildPhase section */

/* Begin PBXGroup section */
		C41FB65021D68B9500FC2B55 = {
			isa = PBXGroup;
			children = (
				C41FB65B21D68B9500FC2B55 /* lexFile */,
				C41FB65A21D68B9500FC2B55 /* Products */,
				C41FB66521D68D2A00FC2B55 /* Frameworks */,
			);
			sourceTree = "<group>";
		};
		C41FB65A21D68B9500FC2B55 /* Products */ = {
			isa = PBXGroup;
			children = (
				C41FB65921D68B9500FC2B55 /* lexFile */,
			);
			name = Products;
			sourceTree = "<group>";
		};
		C41FB65B21D68B9500FC2B55 /* lexFile */ = {
			isa = PBXGroup;
			children = (
				C41FB66321D68D0900FC2B55 /* lexFile.c */,
			);
			name = lexFile;
			path = ../../src;
			sourceTree = SOURCE_ROOT;
		};
		C41FB66521D68D2A00FC2B55 /* Frameworks */ = {
			isa = PBXGroup;
			children = (
				C41FB66621D68D2A00FC2B55 /* libCmn.a */,
			);
			name = Frameworks;
			sourceTree = "<group>";
		};
/* End PBXGroup section */

/* Begin PBXNativeTarget section */
		C41FB65821D68B9500FC2B55 /* lexFile */ = {
			isa = PBXNativeTarget;
			buildConfigurationList = C41FB66021D68B9500FC2B55 /* Build configuration list for PBXNativeTarget "lexFile" */;
			buildPhases = (
				C41FB65521D68B9500FC2B55 /* Sources */,
				C41FB65621D68B9500FC2B55 /* Frameworks */,
				C41FB65721D68B9500FC2B55 /* CopyFiles */,
			);
			buildRules = (
			);
			dependencies = (
			);
			name = lexFile;
			productName = lexFile;
			productReference = C41FB65921D68B9500FC2B55 /* lexFile */;
			productType = "com.apple.product-type.tool";
		};
/* End PBXNativeTarget section */

/* Begin PBXProject section */
		C41FB65121D68B9500FC2B55 /* Project object */ = {
			isa = PBXProject;
			attributes = {
				LastUpgradeCheck = 1010;
				ORGANIZATIONNAME = bob;
				TargetAttributes = {
					C41FB65821D68B9500FC2B55 = {
						CreatedOnToolsVersion = 10.1;
					};
				};
			};
			buildConfigurationList = C41FB65421D68B9500FC2B55 /* Build configuration list for PBXProject "lexFile" */;
			compatibilityVersion = "Xcode 9.3";
			developmentRegion = en;
			hasScannedForEncodings = 0;
			knownRegions = (
				en,
			);
			mainGroup = C41FB65021D68B9500FC2B55;
			productRefGroup = C41FB65A21D68B9500FC2B55 /* Products */;
			projectDirPath = "";
			projectRoot = "";
			targets = (
				C41FB65821D68B9500FC2B55 /* lexFile */,
			);
		};
/* End PBXProject section */

/* Begin PBXSourcesBuildPhase section */
		C41FB65521D68B9500FC2B55 /* Sources */ = {
			isa = PBXSourcesBuildPhase;
			buildActionMask = 2147483647;
			files = (
				C41FB66421D68D0900FC2B55 /* lexFile.c in Sources */,
			);
			runOnlyForDeploymentPostprocessing = 0;
		};
/* End PBXSourcesBuildPhase section */

/* Begin XCBuildConfiguration section */
		C41FB65E21D68B9500FC2B55 /* Debug */ = {
			isa = XCBuildConfiguration;
			buildSettings = {
				ALWAYS_SEARCH_USER_PATHS = NO;
				CLANG_ANALYZER_NONNULL = YES;
				CLANG_ANALYZER_NUMBER_OBJECT_CONVERSION = YES_AGGRESSIVE;
				CLANG_CXX_LANGUAGE_STANDARD = "gnu++14";
				CLANG_CXX_LIBRARY = "libc++";
				CLANG_ENABLE_MODULES = YES;
				CLANG_ENABLE_OBJC_ARC = YES;
				CLANG_ENABLE_OBJC_WEAK = YES;
				CLANG_WARN_BLOCK_CAPTURE_AUTORELEASING = YES;
				CLANG_WARN_BOOL_CONVERSION = YES;
				CLANG_WARN_COMMA = YES;
				CLANG_WARN_CONSTANT_CONVERSION = YES;
				CLANG_WARN_DEPRECATED_OBJC_IMPLEMENTATIONS = YES;
				CLANG_WARN_DIRECT_OBJC_ISA_USAGE = YES_ERROR;
				CLANG_WARN_DOCUMENTATION_COMMENTS = YES;
				CLANG_WARN_EMPTY_BODY = YES;
				CLANG_WARN_ENUM_CONVERSION = YES;
				CLANG_WARN_INFINITE_RECURSION = YES;
				CLANG_WARN_INT_CONVERSION = YES;
				CLANG_WARN_NON_LITERAL_NULL_CONVERSION = YES;
				CLANG_WARN_OBJC_IMPLICIT_RETAIN_SELF = YES;
				CLANG_WARN_OBJC_LITERAL_CONVERSION = YES;
				CLANG_WARN_OBJC_ROOT_CLASS = YES_ERROR;
				CLANG_WARN_RANGE_LOOP_ANALYSIS = YES;
				CLANG_WARN_STRICT_PROTOTYPES = YES;
				CLANG_WARN_SUSPICIOUS_MOVE = YES;
				CLANG_WARN_UNGUARDED_AVAILABILITY = YES_AGGRESSIVE;
				CLANG_WARN_UNREACHABLE_CODE = YES;
				CLANG_WARN__DUPLICATE_METHOD_MATCH = YES;
				CODE_SIGN_IDENTITY = "-";
				COPY_PHASE_STRIP = NO;
				DEBUG_INFORMATION_FORMAT = dwarf;
				ENABLE_STRICT_OBJC_MSGSEND = YES;
				ENABLE_TESTABILITY = YES;
				GCC_C_LANGUAGE_STANDARD = gnu11;
				GCC_DYNAMIC_NO_PIC = NO;
				GCC_NO_COMMON_BLOCKS = YES;
				GCC_OPTIMIZATION_LEVEL = 0;
				GCC_PREPROCESSOR_DEFINITIONS = (
					"DEBUG=1",
					"$(inherited)",
				);
				GCC_WARN_64_TO_32_BIT_CONVERSION = YES;
				GCC_WARN_ABOUT_RETURN_TYPE = YES_ERROR;
				GCC_WARN_UNDECLARED_SELECTOR = YES;
				GCC_WARN_UNINITIALIZED_AUTOS = YES_AGGRESSIVE;
				GCC_WARN_UNUSED_FUNCTION = YES;
				GCC_WARN_UNUSED_VARIABLE = YES;
				MACOSX_DEPLOYMENT_TARGET = 10.13;
				MTL_ENABLE_DEBUG_INFO = INCLUDE_SOURCE;
				MTL_FAST_MATH = YES;
				ONLY_ACTIVE_ARCH = YES;
				SDKROOT = macosx;
			};
			name = Debug;
		};
		C41FB65F21D68B9500FC2B55 /* Release */ = {
			isa = XCBuildConfiguration;
			buildSettings = {
				ALWAYS_SEARCH_USER_PATHS = NO;
				CLANG_ANALYZER_NONNULL = YES;
				CLANG_ANALYZER_NUMBER_OBJECT_CONVERSION = YES_AGGRESSIVE;
				CLANG_CXX_LANGUAGE_STANDARD = "gnu++14";
				CLANG_CXX_LIBRARY = "libc++";
				CLANG_ENABLE_MODULES = YES;
				CLANG_ENABLE_OBJC_ARC = YES;
				CLANG_ENABLE_OBJC_WEAK = YES;
				CLANG_WARN_BLOCK_CAPTURE_AUTORELEASING = YES;
				CLANG_WARN_BOOL_CONVERSION = YES;
				CLANG_WARN_COMMA = YES;
				CLANG_WARN_CONSTANT_CONVERSION = YES;
				CLANG_WARN_DEPRECATED_OBJC_IMPLEMENTATIONS = YES;
				CLANG_WARN_DIRECT_OBJC_ISA_USAGE = YES_ERROR;
				CLANG_WARN_DOCUMENTATION_COMMENTS = YES;
				CLANG_WARN_EMPTY_BODY = YES;
				CLANG_WARN_ENUM_CONVERSION = YES;
				CLANG_WARN_INFINITE_RECURSION = YES;
				CLANG_WARN_INT_CONVERSION = YES;
				CLANG_WARN_NON_LITERAL_NULL_CONVERSION = YES;
				CLANG_WARN_OBJC_IMPLICIT_RETAIN_SELF = YES;
				CLANG_WARN_OBJC_LITERAL_CONVERSION = YES;
				CLANG_WARN_OBJC_ROOT_CLASS = YES_ERROR;
				CLANG_WARN_RANGE_LOOP_ANALYSIS = YES;
				CLANG_WARN_STRICT_PROTOTYPES = YES;
				CLANG_WARN_SUSPICIOUS_MOVE = YES;
				CLANG_WARN_UNGUARDED_AVAILABILITY = YES_AGGRESSIVE;
				CLANG_WARN_UNREACHABLE_CODE = YES;
				CLANG_WARN__DUPLICATE_METHOD_MATCH = YES;
				CODE_SIGN_IDENTITY = "-";
				COPY_PHASE_STRIP = NO;
				DEBUG_INFORMATION_FORMAT = "dwarf-with-dsym";
				ENABLE_NS_ASSERTIONS = NO;
				ENABLE_STRICT_OBJC_MSGSEND = YES;
				GCC_C_LANGUAGE_STANDARD = gnu11;
				GCC_NO_COMMON_BLOCKS = YES;
				GCC_WARN_64_TO_32_BIT_CONVERSION = YES;
				GCC_WARN_ABOUT_RETURN_TYPE = YES_ERROR;
				GCC_WARN_UNDECLARED_SELECTOR = YES;
				GCC_WARN_UNINITIALIZED_AUTOS = YES_AGGRESSIVE;
				GCC_WARN_UNUSED_FUNCTION = YES;
				GCC_WARN_UNUSED_VARIABLE = YES;
				MACOSX_DEPLOYMENT_TARGET = 10.13;
				MTL_ENABLE_DEBUG_INFO = NO;
				MTL_FAST_MATH = YES;
				SDKROOT = macosx;
			};
			name = Release;
		};
		C41FB66121D68B9500FC2B55 /* Debug */ = {
			isa = XCBuildConfiguration;
			buildSettings = {
				CODE_SIGN_STYLE = Automatic;
				GCC_PREPROCESSOR_DEFINITIONS = (
					"DEBUG=1",
					"$(inherited)",
					"__MACOSX_ENV__=1",
				);
				HEADER_SEARCH_PATHS = (
					"$(PROJECT)/../../../tests",
					"$(PROJECT)/../../../src",
					"$(HOME)/Support/lib/macosx/libCmn/include",
				);
				LIBRARY_SEARCH_PATHS = "$(HOME)/Support/lib/macosx/libCmn/";
				PRODUCT_NAME = "$(TARGET_NAME)";
			};
			name = Debug;
		};
		C41FB66221D68B9500FC2B55 /* Release */ = {
			isa = XCBuildConfiguration;
			buildSettings = {
				CODE_SIGN_STYLE = Automatic;
				GCC_PREPROCESSOR_DEFINITIONS = "__MACOSX_ENV__=1";
				HEADER_SEARCH_PATHS = (
					"$(PROJECT)/../../../tests",
					"$(PROJECT)/../../../src",
					"$(HOME)/Support/lib/macosx/libCmn/include",
				);
				LIBRARY_SEARCH_PATHS = "$(HOME)/Support/lib/macosx/libCmn/";
				PRODUCT_NAME = "$(TARGET_NAME)";
			};
			name = Release;
		};
/* End XCBuildConfiguration section */

/* Begin XCConfigurationList section */
		C41FB65421D68B9500FC2B55 /* Build configuration list for PBXProject "lexFile" */ = {
			isa = XCConfigurationList;
			buildConfigurations = (
				C41FB65E21D68B9500FC2B55 /* Debug */,
				C41FB65F21D68B9500FC2B55 /* Release */,
			);
			defaultConfigurationIsVisible = 0;
			defaultConfigurationName = Release;
		};
		C41FB66021D68B9500FC2B55 /* Build configuration list for PBXNativeTarget "lexFile" */ = {
			isa = XCConfigurationList;
			buildConfigurations = (
				C41FB66121D68B9500FC2B55 /* Debug */,
				C41FB66221D68B9500FC2B55 /* Release */,
			);
			defaultConfigurationIsVisible = 0;
			defaultConfigurationName = Release;
		};
/* End XCConfigurationList section */
	};
	rootObject = C41FB65121D68B9500FC2B55 /* Project object */;
}
